
Microsoft Visual Studio Solution File, Format Version 12.00
# Visual Studio Version 17
VisualStudioVersion = 17.10.35004.147
MinimumVisualStudioVersion = 10.0.40219.1
Project("{FAE04EC0-301F-11D3-BF4B-00C04F79EFBC}") = "desiser", "desiser\desiser.csproj", "{94FC3230-5C02-416A-9E42-EF6281935A02}"
EndProject
Project("{FAE04EC0-301F-11D3-BF4B-00C04F79EFBC}") = "SeriDezibibl", "SeriDezibibl\SeriDezibibl.csproj", "{7D9A70A6-E04A-4667-BBEA-9A724234C7F7}"
EndProject
Global
	GlobalSection(SolutionConfigurationPlatforms) = preSolution
		Debug|Any CPU = Debug|Any CPU
		Release|Any CPU = Release|Any CPU
	EndGlobalSection
	GlobalSection(ProjectConfigurationPlatforms) = postSolution
		{94FC3230-5C02-416A-9E42-EF6281935A02}.Debug|Any CPU.ActiveCfg = Debug|Any CPU
		{94FC3230-5C02-416A-9E42-EF6281935A02}.Debug|Any CPU.Build.0 = Debug|Any CPU
		{94FC3230-5C02-416A-9E42-EF6281935A02}.Release|Any CPU.ActiveCfg = Release|Any CPU
		{94FC3230-5C02-416A-9E42-EF6281935A02}.Release|Any CPU.Build.0 = Release|Any CPU
		{7D9A70A6-E04A-4667-BBEA-9A724234C7F7}.Debug|Any CPU.ActiveCfg = Debug|Any CPU
		{7D9A70A6-E04A-4667-BBEA-9A724234C7F7}.Debug|Any CPU.Build.0 = Debug|Any CPU
		{7D9A70A6-E04A-4667-BBEA-9A724234C7F7}.Release|Any CPU.ActiveCfg = Release|Any CPU
		{7D9A70A6-E04A-4667-BBEA-9A724234C7F7}.Release|Any CPU.Build.0 = Release|Any CPU
	EndGlobalSection
	GlobalSection(SolutionProperties) = preSolution
		HideSolutionNode = FALSE
	EndGlobalSection
	GlobalSection(ExtensibilityGlobals) = postSolution
		SolutionGuid = {D19124A0-7AF5-4E69-8C72-2F543B2B555F}
	EndGlobalSection
EndGlobal
